// !$*UTF8*$!
{
	archiveVersion = 1;
	classes = {
	};
	objectVersion = 56;
	objects = {

/* Begin PBXBuildFile section */
		F4C383BC2A09E39B00AF8CE7 /* Utils.swift in Sources */ = {isa = PBXBuildFile; fileRef = F4C383BB2A09E39B00AF8CE7 /* Utils.swift */; };
		F4C383BF2A09F7EE00AF8CE7 /* Date.swift in Sources */ = {isa = PBXBuildFile; fileRef = F4C383BE2A09F7EE00AF8CE7 /* Date.swift */; };
		F4CA5DC32A08377F00E39CF6 /* AppDelegate.swift in Sources */ = {isa = PBXBuildFile; fileRef = F4CA5DC22A08377F00E39CF6 /* AppDelegate.swift */; };
		F4CA5DC52A08377F00E39CF6 /* SceneDelegate.swift in Sources */ = {isa = PBXBuildFile; fileRef = F4CA5DC42A08377F00E39CF6 /* SceneDelegate.swift */; };
		F4CA5DC72A08377F00E39CF6 /* ViewController.swift in Sources */ = {isa = PBXBuildFile; fileRef = F4CA5DC62A08377F00E39CF6 /* ViewController.swift */; };
		F4CA5DCC2A08378100E39CF6 /* Assets.xcassets in Resources */ = {isa = PBXBuildFile; fileRef = F4CA5DCB2A08378100E39CF6 /* Assets.xcassets */; };
		F4CA5DCF2A08378100E39CF6 /* LaunchScreen.storyboard in Resources */ = {isa = PBXBuildFile; fileRef = F4CA5DCD2A08378100E39CF6 /* LaunchScreen.storyboard */; };
		F4CA5DD82A083AC000E39CF6 /* SnapKit in Frameworks */ = {isa = PBXBuildFile; productRef = F4CA5DD72A083AC000E39CF6 /* SnapKit */; };
		F4CA5DDB2A0840E300E39CF6 /* SwiftSoup in Frameworks */ = {isa = PBXBuildFile; productRef = F4CA5DDA2A0840E300E39CF6 /* SwiftSoup */; };
/* End PBXBuildFile section */

/* Begin PBXFileReference section */
		F4C383BB2A09E39B00AF8CE7 /* Utils.swift */ = {isa = PBXFileReference; lastKnownFileType = sourcecode.swift; path = Utils.swift; sourceTree = "<group>"; };
		F4C383BE2A09F7EE00AF8CE7 /* Date.swift */ = {isa = PBXFileReference; lastKnownFileType = sourcecode.swift; path = Date.swift; sourceTree = "<group>"; };
		F4CA5DBF2A08377F00E39CF6 /* concert-prep.app */ = {isa = PBXFileReference; explicitFileType = wrapper.application; includeInIndex = 0; path = "concert-prep.app"; sourceTree = BUILT_PRODUCTS_DIR; };
		F4CA5DC22A08377F00E39CF6 /* AppDelegate.swift */ = {isa = PBXFileReference; lastKnownFileType = sourcecode.swift; path = AppDelegate.swift; sourceTree = "<group>"; };
		F4CA5DC42A08377F00E39CF6 /* SceneDelegate.swift */ = {isa = PBXFileReference; lastKnownFileType = sourcecode.swift; path = SceneDelegate.swift; sourceTree = "<group>"; };
		F4CA5DC62A08377F00E39CF6 /* ViewController.swift */ = {isa = PBXFileReference; lastKnownFileType = sourcecode.swift; path = ViewController.swift; sourceTree = "<group>"; };
		F4CA5DCB2A08378100E39CF6 /* Assets.xcassets */ = {isa = PBXFileReference; lastKnownFileType = folder.assetcatalog; path = Assets.xcassets; sourceTree = "<group>"; };
		F4CA5DCE2A08378100E39CF6 /* Base */ = {isa = PBXFileReference; lastKnownFileType = file.storyboard; name = Base; path = Base.lproj/LaunchScreen.storyboard; sourceTree = "<group>"; };
		F4CA5DD02A08378100E39CF6 /* Info.plist */ = {isa = PBXFileReference; lastKnownFileType = text.plist.xml; path = Info.plist; sourceTree = "<group>"; };
/* End PBXFileReference section */

/* Begin PBXFrameworksBuildPhase section */
		F4CA5DBC2A08377F00E39CF6 /* Frameworks */ = {
			isa = PBXFrameworksBuildPhase;
			buildActionMask = 2147483647;
			files = (
				F4CA5DD82A083AC000E39CF6 /* SnapKit in Frameworks */,
				F4CA5DDB2A0840E300E39CF6 /* SwiftSoup in Frameworks */,
			);
			runOnlyForDeploymentPostprocessing = 0;
		};
/* End PBXFrameworksBuildPhase section */

/* Begin PBXGroup section */
		F4C383BD2A09F7E200AF8CE7 /* Extensions */ = {
			isa = PBXGroup;
			children = (
				F4C383BE2A09F7EE00AF8CE7 /* Date.swift */,
			);
			path = Extensions;
			sourceTree = "<group>";
		};
		F4CA5DB62A08377F00E39CF6 = {
			isa = PBXGroup;
			children = (
				F4CA5DC12A08377F00E39CF6 /* concert-prep */,
				F4CA5DC02A08377F00E39CF6 /* Products */,
			);
			sourceTree = "<group>";
		};
		F4CA5DC02A08377F00E39CF6 /* Products */ = {
			isa = PBXGroup;
			children = (
				F4CA5DBF2A08377F00E39CF6 /* concert-prep.app */,
			);
			name = Products;
			sourceTree = "<group>";
		};
		F4CA5DC12A08377F00E39CF6 /* concert-prep */ = {
			isa = PBXGroup;
			children = (
				F4CA5DC22A08377F00E39CF6 /* AppDelegate.swift */,
				F4CA5DC42A08377F00E39CF6 /* SceneDelegate.swift */,
				F4CA5DC62A08377F00E39CF6 /* ViewController.swift */,
				F4C383BB2A09E39B00AF8CE7 /* Utils.swift */,
				F4C383BD2A09F7E200AF8CE7 /* Extensions */,
				F4CA5DCB2A08378100E39CF6 /* Assets.xcassets */,
				F4CA5DCD2A08378100E39CF6 /* LaunchScreen.storyboard */,
				F4CA5DD02A08378100E39CF6 /* Info.plist */,
			);
			path = "concert-prep";
			sourceTree = "<group>";
		};
/* End PBXGroup section */

/* Begin PBXNativeTarget section */
		F4CA5DBE2A08377F00E39CF6 /* concert-prep */ = {
			isa = PBXNativeTarget;
			buildConfigurationList = F4CA5DD32A08378100E39CF6 /* Build configuration list for PBXNativeTarget "concert-prep" */;
			buildPhases = (
				F4CA5DBB2A08377F00E39CF6 /* Sources */,
				F4CA5DBC2A08377F00E39CF6 /* Frameworks */,
				F4CA5DBD2A08377F00E39CF6 /* Resources */,
			);
			buildRules = (
			);
			dependencies = (
			);
			name = "concert-prep";
			packageProductDependencies = (
				F4CA5DD72A083AC000E39CF6 /* SnapKit */,
				F4CA5DDA2A0840E300E39CF6 /* SwiftSoup */,
			);
			productName = "concert-prep";
			productReference = F4CA5DBF2A08377F00E39CF6 /* concert-prep.app */;
			productType = "com.apple.product-type.application";
		};
/* End PBXNativeTarget section */

/* Begin PBXProject section */
		F4CA5DB72A08377F00E39CF6 /* Project object */ = {
			isa = PBXProject;
			attributes = {
				BuildIndependentTargetsInParallel = 1;
				LastSwiftUpdateCheck = 1430;
				LastUpgradeCheck = 1430;
				TargetAttributes = {
					F4CA5DBE2A08377F00E39CF6 = {
						CreatedOnToolsVersion = 14.3;
					};
				};
			};
			buildConfigurationList = F4CA5DBA2A08377F00E39CF6 /* Build configuration list for PBXProject "concert-prep" */;
			compatibilityVersion = "Xcode 14.0";
			developmentRegion = en;
			hasScannedForEncodings = 0;
			knownRegions = (
				en,
				Base,
			);
			mainGroup = F4CA5DB62A08377F00E39CF6;
			packageReferences = (
				F4CA5DD62A083AC000E39CF6 /* XCRemoteSwiftPackageReference "SnapKit" */,
				F4CA5DD92A0840E300E39CF6 /* XCRemoteSwiftPackageReference "SwiftSoup" */,
			);
			productRefGroup = F4CA5DC02A08377F00E39CF6 /* Products */;
			projectDirPath = "";
			projectRoot = "";
			targets = (
				F4CA5DBE2A08377F00E39CF6 /* concert-prep */,
			);
		};
/* End PBXProject section */

/* Begin PBXResourcesBuildPhase section */
		F4CA5DBD2A08377F00E39CF6 /* Resources */ = {
			isa = PBXResourcesBuildPhase;
			buildActionMask = 2147483647;
			files = (
				F4CA5DCF2A08378100E39CF6 /* LaunchScreen.storyboard in Resources */,
				F4CA5DCC2A08378100E39CF6 /* Assets.xcassets in Resources */,
			);
			runOnlyForDeploymentPostprocessing = 0;
		};
/* End PBXResourcesBuildPhase section */

/* Begin PBXSourcesBuildPhase section */
		F4CA5DBB2A08377F00E39CF6 /* Sources */ = {
			isa = PBXSourcesBuildPhase;
			buildActionMask = 2147483647;
			files = (
				F4CA5DC72A08377F00E39CF6 /* ViewController.swift in Sources */,
				F4C383BF2A09F7EE00AF8CE7 /* Date.swift in Sources */,
				F4CA5DC32A08377F00E39CF6 /* AppDelegate.swift in Sources */,
				F4CA5DC52A08377F00E39CF6 /* SceneDelegate.swift in Sources */,
				F4C383BC2A09E39B00AF8CE7 /* Utils.swift in Sources */,
			);
			runOnlyForDeploymentPostprocessing = 0;
		};
/* End PBXSourcesBuildPhase section */

/* Begin PBXVariantGroup section */
		F4CA5DCD2A08378100E39CF6 /* LaunchScreen.storyboard */ = {
			isa = PBXVariantGroup;
			children = (
				F4CA5DCE2A08378100E39CF6 /* Base */,
			);
			name = LaunchScreen.storyboard;
			sourceTree = "<group>";
		};
/* End PBXVariantGroup section */

/* Begin XCBuildConfiguration section */
		F4CA5DD12A08378100E39CF6 /* Debug */ = {
			isa = XCBuildConfiguration;
			buildSettings = {
				ALWAYS_SEARCH_USER_PATHS = NO;
				CLANG_ANALYZER_NONNULL = YES;
				CLANG_ANALYZER_NUMBER_OBJECT_CONVERSION = YES_AGGRESSIVE;
				CLANG_CXX_LANGUAGE_STANDARD = "gnu++20";
				CLANG_ENABLE_MODULES = YES;
				CLANG_ENABLE_OBJC_ARC = YES;
				CLANG_ENABLE_OBJC_WEAK = YES;
				CLANG_WARN_BLOCK_CAPTURE_AUTORELEASING = YES;
				CLANG_WARN_BOOL_CONVERSION = YES;
				CLANG_WARN_COMMA = YES;
				CLANG_WARN_CONSTANT_CONVERSION = YES;
				CLANG_WARN_DEPRECATED_OBJC_IMPLEMENTATIONS = YES;
				CLANG_WARN_DIRECT_OBJC_ISA_USAGE = YES_ERROR;
				CLANG_WARN_DOCUMENTATION_COMMENTS = YES;
				CLANG_WARN_EMPTY_BODY = YES;
				CLANG_WARN_ENUM_CONVERSION = YES;
				CLANG_WARN_INFINITE_RECURSION = YES;
				CLANG_WARN_INT_CONVERSION = YES;
				CLANG_WARN_NON_LITERAL_NULL_CONVERSION = YES;
				CLANG_WARN_OBJC_IMPLICIT_RETAIN_SELF = YES;
				CLANG_WARN_OBJC_LITERAL_CONVERSION = YES;
				CLANG_WARN_OBJC_ROOT_CLASS = YES_ERROR;
				CLANG_WARN_QUOTED_INCLUDE_IN_FRAMEWORK_HEADER = YES;
				CLANG_WARN_RANGE_LOOP_ANALYSIS = YES;
				CLANG_WARN_STRICT_PROTOTYPES = YES;
				CLANG_WARN_SUSPICIOUS_MOVE = YES;
				CLANG_WARN_UNGUARDED_AVAILABILITY = YES_AGGRESSIVE;
				CLANG_WARN_UNREACHABLE_CODE = YES;
				CLANG_WARN__DUPLICATE_METHOD_MATCH = YES;
				COPY_PHASE_STRIP = NO;
				DEBUG_INFORMATION_FORMAT = dwarf;
				ENABLE_STRICT_OBJC_MSGSEND = YES;
				ENABLE_TESTABILITY = YES;
				GCC_C_LANGUAGE_STANDARD = gnu11;
				GCC_DYNAMIC_NO_PIC = NO;
				GCC_NO_COMMON_BLOCKS = YES;
				GCC_OPTIMIZATION_LEVEL = 0;
				GCC_PREPROCESSOR_DEFINITIONS = (
					"DEBUG=1",
					"$(inherited)",
				);
				GCC_WARN_64_TO_32_BIT_CONVERSION = YES;
				GCC_WARN_ABOUT_RETURN_TYPE = YES_ERROR;
				GCC_WARN_UNDECLARED_SELECTOR = YES;
				GCC_WARN_UNINITIALIZED_AUTOS = YES_AGGRESSIVE;
				GCC_WARN_UNUSED_FUNCTION = YES;
				GCC_WARN_UNUSED_VARIABLE = YES;
				IPHONEOS_DEPLOYMENT_TARGET = 16.4;
				MTL_ENABLE_DEBUG_INFO = INCLUDE_SOURCE;
				MTL_FAST_MATH = YES;
				ONLY_ACTIVE_ARCH = YES;
				SDKROOT = iphoneos;
				SWIFT_ACTIVE_COMPILATION_CONDITIONS = DEBUG;
				SWIFT_OPTIMIZATION_LEVEL = "-Onone";
			};
			name = Debug;
		};
		F4CA5DD22A08378100E39CF6 /* Release */ = {
			isa = XCBuildConfiguration;
			buildSettings = {
				ALWAYS_SEARCH_USER_PATHS = NO;
				CLANG_ANALYZER_NONNULL = YES;
				CLANG_ANALYZER_NUMBER_OBJECT_CONVERSION = YES_AGGRESSIVE;
				CLANG_CXX_LANGUAGE_STANDARD = "gnu++20";
				CLANG_ENABLE_MODULES = YES;
				CLANG_ENABLE_OBJC_ARC = YES;
				CLANG_ENABLE_OBJC_WEAK = YES;
				CLANG_WARN_BLOCK_CAPTURE_AUTORELEASING = YES;
				CLANG_WARN_BOOL_CONVERSION = YES;
				CLANG_WARN_COMMA = YES;
				CLANG_WARN_CONSTANT_CONVERSION = YES;
				CLANG_WARN_DEPRECATED_OBJC_IMPLEMENTATIONS = YES;
				CLANG_WARN_DIRECT_OBJC_ISA_USAGE = YES_ERROR;
				CLANG_WARN_DOCUMENTATION_COMMENTS = YES;
				CLANG_WARN_EMPTY_BODY = YES;
				CLANG_WARN_ENUM_CONVERSION = YES;
				CLANG_WARN_INFINITE_RECURSION = YES;
				CLANG_WARN_INT_CONVERSION = YES;
				CLANG_WARN_NON_LITERAL_NULL_CONVERSION = YES;
				CLANG_WARN_OBJC_IMPLICIT_RETAIN_SELF = YES;
				CLANG_WARN_OBJC_LITERAL_CONVERSION = YES;
				CLANG_WARN_OBJC_ROOT_CLASS = YES_ERROR;
				CLANG_WARN_QUOTED_INCLUDE_IN_FRAMEWORK_HEADER = YES;
				CLANG_WARN_RANGE_LOOP_ANALYSIS = YES;
				CLANG_WARN_STRICT_PROTOTYPES = YES;
				CLANG_WARN_SUSPICIOUS_MOVE = YES;
				CLANG_WARN_UNGUARDED_AVAILABILITY = YES_AGGRESSIVE;
				CLANG_WARN_UNREACHABLE_CODE = YES;
				CLANG_WARN__DUPLICATE_METHOD_MATCH = YES;
				COPY_PHASE_STRIP = NO;
				DEBUG_INFORMATION_FORMAT = "dwarf-with-dsym";
				ENABLE_NS_ASSERTIONS = NO;
				ENABLE_STRICT_OBJC_MSGSEND = YES;
				GCC_C_LANGUAGE_STANDARD = gnu11;
				GCC_NO_COMMON_BLOCKS = YES;
				GCC_WARN_64_TO_32_BIT_CONVERSION = YES;
				GCC_WARN_ABOUT_RETURN_TYPE = YES_ERROR;
				GCC_WARN_UNDECLARED_SELECTOR = YES;
				GCC_WARN_UNINITIALIZED_AUTOS = YES_AGGRESSIVE;
				GCC_WARN_UNUSED_FUNCTION = YES;
				GCC_WARN_UNUSED_VARIABLE = YES;
				IPHONEOS_DEPLOYMENT_TARGET = 16.4;
				MTL_ENABLE_DEBUG_INFO = NO;
				MTL_FAST_MATH = YES;
				SDKROOT = iphoneos;
				SWIFT_COMPILATION_MODE = wholemodule;
				SWIFT_OPTIMIZATION_LEVEL = "-O";
				VALIDATE_PRODUCT = YES;
			};
			name = Release;
		};
		F4CA5DD42A08378100E39CF6 /* Debug */ = {
			isa = XCBuildConfiguration;
			buildSettings = {
				ASSETCATALOG_COMPILER_APPICON_NAME = AppIcon;
				ASSETCATALOG_COMPILER_GLOBAL_ACCENT_COLOR_NAME = AccentColor;
				CODE_SIGN_IDENTITY = "Apple Development";
				CODE_SIGN_STYLE = Automatic;
				CURRENT_PROJECT_VERSION = 1;
				DEVELOPMENT_TEAM = DQ7CFP6525;
				GENERATE_INFOPLIST_FILE = YES;
				INFOPLIST_FILE = "concert-prep/Info.plist";
				INFOPLIST_KEY_UIApplicationSupportsIndirectInputEvents = YES;
				INFOPLIST_KEY_UILaunchStoryboardName = LaunchScreen;
				INFOPLIST_KEY_UISupportedInterfaceOrientations = UIInterfaceOrientationPortrait;
				INFOPLIST_KEY_UISupportedInterfaceOrientations_iPad = "UIInterfaceOrientationPortrait UIInterfaceOrientationPortraitUpsideDown";
				LD_RUNPATH_SEARCH_PATHS = (
					"$(inherited)",
					"@executable_path/Frameworks",
				);
				MARKETING_VERSION = 1.0;
				PRODUCT_BUNDLE_IDENTIFIER = "com.kaya.concert-prep";
				PRODUCT_NAME = "$(TARGET_NAME)";
				PROVISIONING_PROFILE_SPECIFIER = "";
				SWIFT_EMIT_LOC_STRINGS = YES;
				SWIFT_VERSION = 5.0;
				TARGETED_DEVICE_FAMILY = "1,2";
			};
			name = Debug;
		};
		F4CA5DD52A08378100E39CF6 /* Release */ = {
			isa = XCBuildConfiguration;
			buildSettings = {
				ASSETCATALOG_COMPILER_APPICON_NAME = AppIcon;
				ASSETCATALOG_COMPILER_GLOBAL_ACCENT_COLOR_NAME = AccentColor;
				CODE_SIGN_IDENTITY = "Apple Development";
				CODE_SIGN_STYLE = Automatic;
				CURRENT_PROJECT_VERSION = 1;
				DEVELOPMENT_TEAM = DQ7CFP6525;
				GENERATE_INFOPLIST_FILE = YES;
				INFOPLIST_FILE = "concert-prep/Info.plist";
				INFOPLIST_KEY_UIApplicationSupportsIndirectInputEvents = YES;
				INFOPLIST_KEY_UILaunchStoryboardName = LaunchScreen;
				INFOPLIST_KEY_UISupportedInterfaceOrientations = UIInterfaceOrientationPortrait;
				INFOPLIST_KEY_UISupportedInterfaceOrientations_iPad = "UIInterfaceOrientationPortrait UIInterfaceOrientationPortraitUpsideDown";
				LD_RUNPATH_SEARCH_PATHS = (
					"$(inherited)",
					"@executable_path/Frameworks",
				);
				MARKETING_VERSION = 1.0;
				PRODUCT_BUNDLE_IDENTIFIER = "com.kaya.concert-prep";
				PRODUCT_NAME = "$(TARGET_NAME)";
				PROVISIONING_PROFILE_SPECIFIER = "";
				SWIFT_EMIT_LOC_STRINGS = YES;
				SWIFT_VERSION = 5.0;
				TARGETED_DEVICE_FAMILY = "1,2";
			};
			name = Release;
		};
/* End XCBuildConfiguration section */

/* Begin XCConfigurationList section */
		F4CA5DBA2A08377F00E39CF6 /* Build configuration list for PBXProject "concert-prep" */ = {
			isa = XCConfigurationList;
			buildConfigurations = (
				F4CA5DD12A08378100E39CF6 /* Debug */,
				F4CA5DD22A08378100E39CF6 /* Release */,
			);
			defaultConfigurationIsVisible = 0;
			defaultConfigurationName = Release;
		};
		F4CA5DD32A08378100E39CF6 /* Build configuration list for PBXNativeTarget "concert-prep" */ = {
			isa = XCConfigurationList;
			buildConfigurations = (
				F4CA5DD42A08378100E39CF6 /* Debug */,
				F4CA5DD52A08378100E39CF6 /* Release */,
			);
			defaultConfigurationIsVisible = 0;
			defaultConfigurationName = Release;
		};
/* End XCConfigurationList section */

/* Begin XCRemoteSwiftPackageReference section */
		F4CA5DD62A083AC000E39CF6 /* XCRemoteSwiftPackageReference "SnapKit" */ = {
			isa = XCRemoteSwiftPackageReference;
			repositoryURL = "https://github.com/SnapKit/SnapKit";
			requirement = {
				kind = upToNextMinorVersion;
				minimumVersion = 5.6.0;
			};
		};
		F4CA5DD92A0840E300E39CF6 /* XCRemoteSwiftPackageReference "SwiftSoup" */ = {
			isa = XCRemoteSwiftPackageReference;
			repositoryURL = "https://github.com/scinfu/SwiftSoup";
			requirement = {
				kind = upToNextMinorVersion;
				minimumVersion = 2.6.0;
			};
		};
/* End XCRemoteSwiftPackageReference section */

/* Begin XCSwiftPackageProductDependency section */
		F4CA5DD72A083AC000E39CF6 /* SnapKit */ = {
			isa = XCSwiftPackageProductDependency;
			package = F4CA5DD62A083AC000E39CF6 /* XCRemoteSwiftPackageReference "SnapKit" */;
			productName = SnapKit;
		};
		F4CA5DDA2A0840E300E39CF6 /* SwiftSoup */ = {
			isa = XCSwiftPackageProductDependency;
			package = F4CA5DD92A0840E300E39CF6 /* XCRemoteSwiftPackageReference "SwiftSoup" */;
			productName = SwiftSoup;
		};
/* End XCSwiftPackageProductDependency section */
	};
	rootObject = F4CA5DB72A08377F00E39CF6 /* Project object */;
}
